
Microsoft Visual Studio Solution File, Format Version 12.00
# Visual Studio Version 17
VisualStudioVersion = 17.10.35004.147
MinimumVisualStudioVersion = 10.0.40219.1
Project("{FAE04EC0-301F-11D3-BF4B-00C04F79EFBC}") = "Sistema_gestor_de_biblioteca", "Sistema_gestor_de_biblioteca.csproj", "{88522DC0-61ED-469F-A667-BB1459395B73}"
EndProject
Global
	GlobalSection(SolutionConfigurationPlatforms) = preSolution
		Debug|Any CPU = Debug|Any CPU
		Release|Any CPU = Release|Any CPU
	EndGlobalSection
	GlobalSection(ProjectConfigurationPlatforms) = postSolution
		{88522DC0-61ED-469F-A667-BB1459395B73}.Debug|Any CPU.ActiveCfg = Debug|Any CPU
		{88522DC0-61ED-469F-A667-BB1459395B73}.Debug|Any CPU.Build.0 = Debug|Any CPU
		{88522DC0-61ED-469F-A667-BB1459395B73}.Release|Any CPU.ActiveCfg = Release|Any CPU
		{88522DC0-61ED-469F-A667-BB1459395B73}.Release|Any CPU.Build.0 = Release|Any CPU
	EndGlobalSection
	GlobalSection(SolutionProperties) = preSolution
		HideSolutionNode = FALSE
	EndGlobalSection
	GlobalSection(ExtensibilityGlobals) = postSolution
		SolutionGuid = {1377BD9F-92F7-4C9E-9CC6-B6FE3DFCF992}
	EndGlobalSection
EndGlobal
